# THIS IS AN AUTOGENERATED FILE. DO NOT EDIT THIS FILE DIRECTLY.
# yarn lockfile v1


miniprogram-api-typings@^3.4.3:
  version "3.4.3"
  resolved "https://registry.nlark.com/miniprogram-api-typings/download/miniprogram-api-typings-3.4.3.tgz#c88cc624973322d990353d94ae765db90938d132"
  integrity sha1-yIzGJJczItmQNT2UrnZduQk40TI=

typescript@^4.4.2:
  version "4.4.2"
  resolved "https://registry.nlark.com/typescript/download/typescript-4.4.2.tgz#6d618640d430e3569a1dfb44f7d7e600ced3ee86"
  integrity sha1-bWGGQNQw41aaHftE99fmAM7T7oY=
